
Microsoft Visual Studio Solution File, Format Version 12.00
# Visual Studio Version 17
VisualStudioVersion = 17.0.31919.166
MinimumVisualStudioVersion = 10.0.40219.1
Project("{FAE04EC0-301F-11D3-BF4B-00C04F79EFBC}") = "UC9_CUSTO_VIAGEM", "UC9_CUSTO_VIAGEM\UC9_CUSTO_VIAGEM.csproj", "{6ECA111D-14E4-463E-A72F-49A4ABD9994C}"
EndProject
Global
	GlobalSection(SolutionConfigurationPlatforms) = preSolution
		Debug|Any CPU = Debug|Any CPU
		Release|Any CPU = Release|Any CPU
	EndGlobalSection
	GlobalSection(ProjectConfigurationPlatforms) = postSolution
		{6ECA111D-14E4-463E-A72F-49A4ABD9994C}.Debug|Any CPU.ActiveCfg = Debug|Any CPU
		{6ECA111D-14E4-463E-A72F-49A4ABD9994C}.Debug|Any CPU.Build.0 = Debug|Any CPU
		{6ECA111D-14E4-463E-A72F-49A4ABD9994C}.Release|Any CPU.ActiveCfg = Release|Any CPU
		{6ECA111D-14E4-463E-A72F-49A4ABD9994C}.Release|Any CPU.Build.0 = Release|Any CPU
	EndGlobalSection
	GlobalSection(SolutionProperties) = preSolution
		HideSolutionNode = FALSE
	EndGlobalSection
	GlobalSection(ExtensibilityGlobals) = postSolution
		SolutionGuid = {91BF6563-A3AD-4D2E-84A4-4C62C85A5742}
	EndGlobalSection
EndGlobal
